
Microsoft Visual Studio Solution File, Format Version 12.00
# Visual Studio Version 16
VisualStudioVersion = 16.0.29411.108
MinimumVisualStudioVersion = 10.0.40219.1
Project("{FAE04EC0-301F-11D3-BF4B-00C04F79EFBC}") = "UnityNetworking", "UnityNetworking\UnityNetworking.csproj", "{65DCEDDD-92FE-49F4-9888-FB9908D11477}"
EndProject
Project("{FAE04EC0-301F-11D3-BF4B-00C04F79EFBC}") = "UnityEngine", "UnityEngine\UnityEngine.csproj", "{94270C2E-2F7A-4E18-88D5-DE3E4B5F9AB2}"
EndProject
Project("{FAE04EC0-301F-11D3-BF4B-00C04F79EFBC}") = "CSharpNetworking", "CSharpNetworking\CSharpNetworking\CSharpNetworking.csproj", "{0AFCD668-3C02-4E85-A87C-82A85660FA2B}"
EndProject
Global
	GlobalSection(SolutionConfigurationPlatforms) = preSolution
		Debug|Any CPU = Debug|Any CPU
		Release|Any CPU = Release|Any CPU
	EndGlobalSection
	GlobalSection(ProjectConfigurationPlatforms) = postSolution
		{65DCEDDD-92FE-49F4-9888-FB9908D11477}.Debug|Any CPU.ActiveCfg = Debug|Any CPU
		{65DCEDDD-92FE-49F4-9888-FB9908D11477}.Debug|Any CPU.Build.0 = Debug|Any CPU
		{65DCEDDD-92FE-49F4-9888-FB9908D11477}.Release|Any CPU.ActiveCfg = Release|Any CPU
		{65DCEDDD-92FE-49F4-9888-FB9908D11477}.Release|Any CPU.Build.0 = Release|Any CPU
		{94270C2E-2F7A-4E18-88D5-DE3E4B5F9AB2}.Debug|Any CPU.ActiveCfg = Debug|Any CPU
		{94270C2E-2F7A-4E18-88D5-DE3E4B5F9AB2}.Debug|Any CPU.Build.0 = Debug|Any CPU
		{94270C2E-2F7A-4E18-88D5-DE3E4B5F9AB2}.Release|Any CPU.ActiveCfg = Release|Any CPU
		{94270C2E-2F7A-4E18-88D5-DE3E4B5F9AB2}.Release|Any CPU.Build.0 = Release|Any CPU
		{0AFCD668-3C02-4E85-A87C-82A85660FA2B}.Debug|Any CPU.ActiveCfg = Debug|Any CPU
		{0AFCD668-3C02-4E85-A87C-82A85660FA2B}.Debug|Any CPU.Build.0 = Debug|Any CPU
		{0AFCD668-3C02-4E85-A87C-82A85660FA2B}.Release|Any CPU.ActiveCfg = Release|Any CPU
		{0AFCD668-3C02-4E85-A87C-82A85660FA2B}.Release|Any CPU.Build.0 = Release|Any CPU
	EndGlobalSection
	GlobalSection(SolutionProperties) = preSolution
		HideSolutionNode = FALSE
	EndGlobalSection
	GlobalSection(ExtensibilityGlobals) = postSolution
		SolutionGuid = {79B8F632-2DAA-441D-A34B-1B0BA974F599}
	EndGlobalSection
EndGlobal
